// !$*UTF8*$!
{
	archiveVersion = 1;
	classes = {
	};
	objectVersion = 55;
	objects = {

/* Begin PBXBuildFile section */
		05E7D80327A7341200A0E6C9 /* TobaTalkApp.swift in Sources */ = {isa = PBXBuildFile; fileRef = 05E7D80227A7341200A0E6C9 /* TobaTalkApp.swift */; };
		05E7D80527A7341200A0E6C9 /* ContentView.swift in Sources */ = {isa = PBXBuildFile; fileRef = 05E7D80427A7341200A0E6C9 /* ContentView.swift */; };
		05E7D80727A7341400A0E6C9 /* Assets.xcassets in Resources */ = {isa = PBXBuildFile; fileRef = 05E7D80627A7341400A0E6C9 /* Assets.xcassets */; };
		05E7D80A27A7341400A0E6C9 /* Preview Assets.xcassets in Resources */ = {isa = PBXBuildFile; fileRef = 05E7D80927A7341400A0E6C9 /* Preview Assets.xcassets */; };
		05E7D81227A73E7E00A0E6C9 /* ButtonGridView.swift in Sources */ = {isa = PBXBuildFile; fileRef = 05E7D81127A73E7E00A0E6C9 /* ButtonGridView.swift */; };
		05E7D81427A73F0B00A0E6C9 /* AudioButtonView.swift in Sources */ = {isa = PBXBuildFile; fileRef = 05E7D81327A73F0B00A0E6C9 /* AudioButtonView.swift */; };
		F05EBC3627A742A7005EC1F8 /* TTSView.swift in Sources */ = {isa = PBXBuildFile; fileRef = F05EBC3527A742A7005EC1F8 /* TTSView.swift */; };
/* End PBXBuildFile section */

/* Begin PBXFileReference section */
		05E7D7FF27A7341200A0E6C9 /* TobaTalk.app */ = {isa = PBXFileReference; explicitFileType = wrapper.application; includeInIndex = 0; path = TobaTalk.app; sourceTree = BUILT_PRODUCTS_DIR; };
		05E7D80227A7341200A0E6C9 /* TobaTalkApp.swift */ = {isa = PBXFileReference; lastKnownFileType = sourcecode.swift; path = TobaTalkApp.swift; sourceTree = "<group>"; };
		05E7D80427A7341200A0E6C9 /* ContentView.swift */ = {isa = PBXFileReference; lastKnownFileType = sourcecode.swift; path = ContentView.swift; sourceTree = "<group>"; };
		05E7D80627A7341400A0E6C9 /* Assets.xcassets */ = {isa = PBXFileReference; lastKnownFileType = folder.assetcatalog; path = Assets.xcassets; sourceTree = "<group>"; };
		05E7D80927A7341400A0E6C9 /* Preview Assets.xcassets */ = {isa = PBXFileReference; lastKnownFileType = folder.assetcatalog; path = "Preview Assets.xcassets"; sourceTree = "<group>"; };
		05E7D81127A73E7E00A0E6C9 /* ButtonGridView.swift */ = {isa = PBXFileReference; lastKnownFileType = sourcecode.swift; path = ButtonGridView.swift; sourceTree = "<group>"; };
		05E7D81327A73F0B00A0E6C9 /* AudioButtonView.swift */ = {isa = PBXFileReference; lastKnownFileType = sourcecode.swift; path = AudioButtonView.swift; sourceTree = "<group>"; };
		F05EBC3527A742A7005EC1F8 /* TTSView.swift */ = {isa = PBXFileReference; lastKnownFileType = sourcecode.swift; path = TTSView.swift; sourceTree = "<group>"; };
/* End PBXFileReference section */

/* Begin PBXFrameworksBuildPhase section */
		05E7D7FC27A7341200A0E6C9 /* Frameworks */ = {
			isa = PBXFrameworksBuildPhase;
			buildActionMask = 2147483647;
			files = (
			);
			runOnlyForDeploymentPostprocessing = 0;
		};
/* End PBXFrameworksBuildPhase section */

/* Begin PBXGroup section */
		05E7D7F627A7341200A0E6C9 = {
			isa = PBXGroup;
			children = (
				05E7D80127A7341200A0E6C9 /* TobaTalk */,
				05E7D80027A7341200A0E6C9 /* Products */,
			);
			sourceTree = "<group>";
		};
		05E7D80027A7341200A0E6C9 /* Products */ = {
			isa = PBXGroup;
			children = (
				05E7D7FF27A7341200A0E6C9 /* TobaTalk.app */,
			);
			name = Products;
			sourceTree = "<group>";
		};
		05E7D80127A7341200A0E6C9 /* TobaTalk */ = {
			isa = PBXGroup;
			children = (
				05E7D81027A73E4800A0E6C9 /* View */,
				05E7D80227A7341200A0E6C9 /* TobaTalkApp.swift */,
				05E7D80627A7341400A0E6C9 /* Assets.xcassets */,
				05E7D80827A7341400A0E6C9 /* Preview Content */,
			);
			path = TobaTalk;
			sourceTree = "<group>";
		};
		05E7D80827A7341400A0E6C9 /* Preview Content */ = {
			isa = PBXGroup;
			children = (
				05E7D80927A7341400A0E6C9 /* Preview Assets.xcassets */,
			);
			path = "Preview Content";
			sourceTree = "<group>";
		};
		05E7D81027A73E4800A0E6C9 /* View */ = {
			isa = PBXGroup;
			children = (
				05E7D80427A7341200A0E6C9 /* ContentView.swift */,
				05E7D81127A73E7E00A0E6C9 /* ButtonGridView.swift */,
				05E7D81327A73F0B00A0E6C9 /* AudioButtonView.swift */,
				F05EBC3527A742A7005EC1F8 /* TTSView.swift */,
			);
			path = View;
			sourceTree = "<group>";
		};
/* End PBXGroup section */

/* Begin PBXNativeTarget section */
		05E7D7FE27A7341200A0E6C9 /* TobaTalk */ = {
			isa = PBXNativeTarget;
			buildConfigurationList = 05E7D80D27A7341400A0E6C9 /* Build configuration list for PBXNativeTarget "TobaTalk" */;
			buildPhases = (
				05E7D7FB27A7341200A0E6C9 /* Sources */,
				05E7D7FC27A7341200A0E6C9 /* Frameworks */,
				05E7D7FD27A7341200A0E6C9 /* Resources */,
			);
			buildRules = (
			);
			dependencies = (
			);
			name = TobaTalk;
			productName = TobaTalk;
			productReference = 05E7D7FF27A7341200A0E6C9 /* TobaTalk.app */;
			productType = "com.apple.product-type.application";
		};
/* End PBXNativeTarget section */

/* Begin PBXProject section */
		05E7D7F727A7341200A0E6C9 /* Project object */ = {
			isa = PBXProject;
			attributes = {
				BuildIndependentTargetsInParallel = 1;
				LastSwiftUpdateCheck = 1320;
				LastUpgradeCheck = 1320;
				TargetAttributes = {
					05E7D7FE27A7341200A0E6C9 = {
						CreatedOnToolsVersion = 13.2.1;
					};
				};
			};
			buildConfigurationList = 05E7D7FA27A7341200A0E6C9 /* Build configuration list for PBXProject "TobaTalk" */;
			compatibilityVersion = "Xcode 13.0";
			developmentRegion = en;
			hasScannedForEncodings = 0;
			knownRegions = (
				en,
				Base,
			);
			mainGroup = 05E7D7F627A7341200A0E6C9;
			productRefGroup = 05E7D80027A7341200A0E6C9 /* Products */;
			projectDirPath = "";
			projectRoot = "";
			targets = (
				05E7D7FE27A7341200A0E6C9 /* TobaTalk */,
			);
		};
/* End PBXProject section */

/* Begin PBXResourcesBuildPhase section */
		05E7D7FD27A7341200A0E6C9 /* Resources */ = {
			isa = PBXResourcesBuildPhase;
			buildActionMask = 2147483647;
			files = (
				05E7D80A27A7341400A0E6C9 /* Preview Assets.xcassets in Resources */,
				05E7D80727A7341400A0E6C9 /* Assets.xcassets in Resources */,
			);
			runOnlyForDeploymentPostprocessing = 0;
		};
/* End PBXResourcesBuildPhase section */

/* Begin PBXSourcesBuildPhase section */
		05E7D7FB27A7341200A0E6C9 /* Sources */ = {
			isa = PBXSourcesBuildPhase;
			buildActionMask = 2147483647;
			files = (
				05E7D80527A7341200A0E6C9 /* ContentView.swift in Sources */,
				F05EBC3627A742A7005EC1F8 /* TTSView.swift in Sources */,
				05E7D81427A73F0B00A0E6C9 /* AudioButtonView.swift in Sources */,
				05E7D81227A73E7E00A0E6C9 /* ButtonGridView.swift in Sources */,
				05E7D80327A7341200A0E6C9 /* TobaTalkApp.swift in Sources */,
			);
			runOnlyForDeploymentPostprocessing = 0;
		};
/* End PBXSourcesBuildPhase section */

/* Begin XCBuildConfiguration section */
		05E7D80B27A7341400A0E6C9 /* Debug */ = {
			isa = XCBuildConfiguration;
			buildSettings = {
				ALWAYS_SEARCH_USER_PATHS = NO;
				CLANG_ANALYZER_NONNULL = YES;
				CLANG_ANALYZER_NUMBER_OBJECT_CONVERSION = YES_AGGRESSIVE;
				CLANG_CXX_LANGUAGE_STANDARD = "gnu++17";
				CLANG_CXX_LIBRARY = "libc++";
				CLANG_ENABLE_MODULES = YES;
				CLANG_ENABLE_OBJC_ARC = YES;
				CLANG_ENABLE_OBJC_WEAK = YES;
				CLANG_WARN_BLOCK_CAPTURE_AUTORELEASING = YES;
				CLANG_WARN_BOOL_CONVERSION = YES;
				CLANG_WARN_COMMA = YES;
				CLANG_WARN_CONSTANT_CONVERSION = YES;
				CLANG_WARN_DEPRECATED_OBJC_IMPLEMENTATIONS = YES;
				CLANG_WARN_DIRECT_OBJC_ISA_USAGE = YES_ERROR;
				CLANG_WARN_DOCUMENTATION_COMMENTS = YES;
				CLANG_WARN_EMPTY_BODY = YES;
				CLANG_WARN_ENUM_CONVERSION = YES;
				CLANG_WARN_INFINITE_RECURSION = YES;
				CLANG_WARN_INT_CONVERSION = YES;
				CLANG_WARN_NON_LITERAL_NULL_CONVERSION = YES;
				CLANG_WARN_OBJC_IMPLICIT_RETAIN_SELF = YES;
				CLANG_WARN_OBJC_LITERAL_CONVERSION = YES;
				CLANG_WARN_OBJC_ROOT_CLASS = YES_ERROR;
				CLANG_WARN_QUOTED_INCLUDE_IN_FRAMEWORK_HEADER = YES;
				CLANG_WARN_RANGE_LOOP_ANALYSIS = YES;
				CLANG_WARN_STRICT_PROTOTYPES = YES;
				CLANG_WARN_SUSPICIOUS_MOVE = YES;
				CLANG_WARN_UNGUARDED_AVAILABILITY = YES_AGGRESSIVE;
				CLANG_WARN_UNREACHABLE_CODE = YES;
				CLANG_WARN__DUPLICATE_METHOD_MATCH = YES;
				COPY_PHASE_STRIP = NO;
				DEBUG_INFORMATION_FORMAT = dwarf;
				ENABLE_STRICT_OBJC_MSGSEND = YES;
				ENABLE_TESTABILITY = YES;
				GCC_C_LANGUAGE_STANDARD = gnu11;
				GCC_DYNAMIC_NO_PIC = NO;
				GCC_NO_COMMON_BLOCKS = YES;
				GCC_OPTIMIZATION_LEVEL = 0;
				GCC_PREPROCESSOR_DEFINITIONS = (
					"DEBUG=1",
					"$(inherited)",
				);
				GCC_WARN_64_TO_32_BIT_CONVERSION = YES;
				GCC_WARN_ABOUT_RETURN_TYPE = YES_ERROR;
				GCC_WARN_UNDECLARED_SELECTOR = YES;
				GCC_WARN_UNINITIALIZED_AUTOS = YES_AGGRESSIVE;
				GCC_WARN_UNUSED_FUNCTION = YES;
				GCC_WARN_UNUSED_VARIABLE = YES;
				IPHONEOS_DEPLOYMENT_TARGET = 15.0;
				MTL_ENABLE_DEBUG_INFO = INCLUDE_SOURCE;
				MTL_FAST_MATH = YES;
				ONLY_ACTIVE_ARCH = YES;
				SDKROOT = iphoneos;
				SWIFT_ACTIVE_COMPILATION_CONDITIONS = DEBUG;
				SWIFT_OPTIMIZATION_LEVEL = "-Onone";
			};
			name = Debug;
		};
		05E7D80C27A7341400A0E6C9 /* Release */ = {
			isa = XCBuildConfiguration;
			buildSettings = {
				ALWAYS_SEARCH_USER_PATHS = NO;
				CLANG_ANALYZER_NONNULL = YES;
				CLANG_ANALYZER_NUMBER_OBJECT_CONVERSION = YES_AGGRESSIVE;
				CLANG_CXX_LANGUAGE_STANDARD = "gnu++17";
				CLANG_CXX_LIBRARY = "libc++";
				CLANG_ENABLE_MODULES = YES;
				CLANG_ENABLE_OBJC_ARC = YES;
				CLANG_ENABLE_OBJC_WEAK = YES;
				CLANG_WARN_BLOCK_CAPTURE_AUTORELEASING = YES;
				CLANG_WARN_BOOL_CONVERSION = YES;
				CLANG_WARN_COMMA = YES;
				CLANG_WARN_CONSTANT_CONVERSION = YES;
				CLANG_WARN_DEPRECATED_OBJC_IMPLEMENTATIONS = YES;
				CLANG_WARN_DIRECT_OBJC_ISA_USAGE = YES_ERROR;
				CLANG_WARN_DOCUMENTATION_COMMENTS = YES;
				CLANG_WARN_EMPTY_BODY = YES;
				CLANG_WARN_ENUM_CONVERSION = YES;
				CLANG_WARN_INFINITE_RECURSION = YES;
				CLANG_WARN_INT_CONVERSION = YES;
				CLANG_WARN_NON_LITERAL_NULL_CONVERSION = YES;
				CLANG_WARN_OBJC_IMPLICIT_RETAIN_SELF = YES;
				CLANG_WARN_OBJC_LITERAL_CONVERSION = YES;
				CLANG_WARN_OBJC_ROOT_CLASS = YES_ERROR;
				CLANG_WARN_QUOTED_INCLUDE_IN_FRAMEWORK_HEADER = YES;
				CLANG_WARN_RANGE_LOOP_ANALYSIS = YES;
				CLANG_WARN_STRICT_PROTOTYPES = YES;
				CLANG_WARN_SUSPICIOUS_MOVE = YES;
				CLANG_WARN_UNGUARDED_AVAILABILITY = YES_AGGRESSIVE;
				CLANG_WARN_UNREACHABLE_CODE = YES;
				CLANG_WARN__DUPLICATE_METHOD_MATCH = YES;
				COPY_PHASE_STRIP = NO;
				DEBUG_INFORMATION_FORMAT = "dwarf-with-dsym";
				ENABLE_NS_ASSERTIONS = NO;
				ENABLE_STRICT_OBJC_MSGSEND = YES;
				GCC_C_LANGUAGE_STANDARD = gnu11;
				GCC_NO_COMMON_BLOCKS = YES;
				GCC_WARN_64_TO_32_BIT_CONVERSION = YES;
				GCC_WARN_ABOUT_RETURN_TYPE = YES_ERROR;
				GCC_WARN_UNDECLARED_SELECTOR = YES;
				GCC_WARN_UNINITIALIZED_AUTOS = YES_AGGRESSIVE;
				GCC_WARN_UNUSED_FUNCTION = YES;
				GCC_WARN_UNUSED_VARIABLE = YES;
				IPHONEOS_DEPLOYMENT_TARGET = 15.0;
				MTL_ENABLE_DEBUG_INFO = NO;
				MTL_FAST_MATH = YES;
				SDKROOT = iphoneos;
				SWIFT_COMPILATION_MODE = wholemodule;
				SWIFT_OPTIMIZATION_LEVEL = "-O";
				VALIDATE_PRODUCT = YES;
			};
			name = Release;
		};
		05E7D80E27A7341400A0E6C9 /* Debug */ = {
			isa = XCBuildConfiguration;
			buildSettings = {
				ASSETCATALOG_COMPILER_APPICON_NAME = AppIcon;
				ASSETCATALOG_COMPILER_GLOBAL_ACCENT_COLOR_NAME = AccentColor;
				CODE_SIGN_STYLE = Automatic;
				CURRENT_PROJECT_VERSION = 1;
				DEVELOPMENT_ASSET_PATHS = "\"TobaTalk/Preview Content\"";
				ENABLE_PREVIEWS = YES;
				GENERATE_INFOPLIST_FILE = YES;
				INFOPLIST_KEY_UIApplicationSceneManifest_Generation = YES;
				INFOPLIST_KEY_UIApplicationSupportsIndirectInputEvents = YES;
				INFOPLIST_KEY_UILaunchScreen_Generation = YES;
				INFOPLIST_KEY_UISupportedInterfaceOrientations_iPad = "UIInterfaceOrientationPortrait UIInterfaceOrientationPortraitUpsideDown UIInterfaceOrientationLandscapeLeft UIInterfaceOrientationLandscapeRight";
				INFOPLIST_KEY_UISupportedInterfaceOrientations_iPhone = "UIInterfaceOrientationPortrait UIInterfaceOrientationLandscapeLeft UIInterfaceOrientationLandscapeRight";
				LD_RUNPATH_SEARCH_PATHS = (
					"$(inherited)",
					"@executable_path/Frameworks",
				);
				MARKETING_VERSION = 1.0;
				PRODUCT_BUNDLE_IDENTIFIER = owenwaldron.TobaTalk;
				PRODUCT_NAME = "$(TARGET_NAME)";
				SWIFT_EMIT_LOC_STRINGS = YES;
				SWIFT_VERSION = 5.0;
				TARGETED_DEVICE_FAMILY = "1,2";
			};
			name = Debug;
		};
		05E7D80F27A7341400A0E6C9 /* Release */ = {
			isa = XCBuildConfiguration;
			buildSettings = {
				ASSETCATALOG_COMPILER_APPICON_NAME = AppIcon;
				ASSETCATALOG_COMPILER_GLOBAL_ACCENT_COLOR_NAME = AccentColor;
				CODE_SIGN_STYLE = Automatic;
				CURRENT_PROJECT_VERSION = 1;
				DEVELOPMENT_ASSET_PATHS = "\"TobaTalk/Preview Content\"";
				ENABLE_PREVIEWS = YES;
				GENERATE_INFOPLIST_FILE = YES;
				INFOPLIST_KEY_UIApplicationSceneManifest_Generation = YES;
				INFOPLIST_KEY_UIApplicationSupportsIndirectInputEvents = YES;
				INFOPLIST_KEY_UILaunchScreen_Generation = YES;
				INFOPLIST_KEY_UISupportedInterfaceOrientations_iPad = "UIInterfaceOrientationPortrait UIInterfaceOrientationPortraitUpsideDown UIInterfaceOrientationLandscapeLeft UIInterfaceOrientationLandscapeRight";
				INFOPLIST_KEY_UISupportedInterfaceOrientations_iPhone = "UIInterfaceOrientationPortrait UIInterfaceOrientationLandscapeLeft UIInterfaceOrientationLandscapeRight";
				LD_RUNPATH_SEARCH_PATHS = (
					"$(inherited)",
					"@executable_path/Frameworks",
				);
				MARKETING_VERSION = 1.0;
				PRODUCT_BUNDLE_IDENTIFIER = owenwaldron.TobaTalk;
				PRODUCT_NAME = "$(TARGET_NAME)";
				SWIFT_EMIT_LOC_STRINGS = YES;
				SWIFT_VERSION = 5.0;
				TARGETED_DEVICE_FAMILY = "1,2";
			};
			name = Release;
		};
/* End XCBuildConfiguration section */

/* Begin XCConfigurationList section */
		05E7D7FA27A7341200A0E6C9 /* Build configuration list for PBXProject "TobaTalk" */ = {
			isa = XCConfigurationList;
			buildConfigurations = (
				05E7D80B27A7341400A0E6C9 /* Debug */,
				05E7D80C27A7341400A0E6C9 /* Release */,
			);
			defaultConfigurationIsVisible = 0;
			defaultConfigurationName = Release;
		};
		05E7D80D27A7341400A0E6C9 /* Build configuration list for PBXNativeTarget "TobaTalk" */ = {
			isa = XCConfigurationList;
			buildConfigurations = (
				05E7D80E27A7341400A0E6C9 /* Debug */,
				05E7D80F27A7341400A0E6C9 /* Release */,
			);
			defaultConfigurationIsVisible = 0;
			defaultConfigurationName = Release;
		};
/* End XCConfigurationList section */
	};
	rootObject = 05E7D7F727A7341200A0E6C9 /* Project object */;
}
